
Microsoft Visual Studio Solution File, Format Version 12.00
# Visual Studio Version 18
VisualStudioVersion = 18.1.11312.151
MinimumVisualStudioVersion = 10.0.40219.1
Project("{2150E333-8FDC-42A3-9474-1A3956D46DE8}") = "Shared", "Shared", "{8999CC70-A312-4415-9821-DB45D6EADAEE}"
EndProject
Project("{2150E333-8FDC-42A3-9474-1A3956D46DE8}") = "Agents", "Agents", "{2310046D-2960-45A3-AC0A-158302292DDF}"
EndProject
Project("{2150E333-8FDC-42A3-9474-1A3956D46DE8}") = "Apps", "Apps", "{6D0B9D7D-EA07-488A-B518-0ADA12448768}"
EndProject
Project("{2150E333-8FDC-42A3-9474-1A3956D46DE8}") = "Tests", "Tests", "{DD95FF23-51C3-4ABC-8D79-001DDAF8DD06}"
EndProject
Project("{FAE04EC0-301F-11D3-BF4B-00C04F79EFBC}") = "FinWise.Shared.Core", "Shared\FinWise.Shared.Core\FinWise.Shared.Core.csproj", "{62F209D7-6AC9-4834-9BD2-BF3AB864DB6B}"
EndProject
Project("{FAE04EC0-301F-11D3-BF4B-00C04F79EFBC}") = "FinWise.Shared.Data", "Shared\FinWise.Shared.Data\FinWise.Shared.Data.csproj", "{30B01633-958E-40F4-9452-B8364130BE77}"
EndProject
Project("{FAE04EC0-301F-11D3-BF4B-00C04F79EFBC}") = "FinWise.SupervisorAgent", "Agents\SupervisorAgent\FinWise.SupervisorAgent.csproj", "{A2C5D4E3-F1B9-4A7C-9D2E-7B3C1F5E8A2D}"
EndProject
Project("{FAE04EC0-301F-11D3-BF4B-00C04F79EFBC}") = "FinWise.BudgetingAgent", "Agents\BudgetingAgent\FinWise.BudgetingAgent.csproj", "{70601D9D-B8F0-40FE-8A32-924D7F2A0ABE}"
EndProject
Project("{FAE04EC0-301F-11D3-BF4B-00C04F79EFBC}") = "FinWise.LoanAgent", "Agents\LoanAgent\FinWise.LoanAgent.csproj", "{70C9E710-B38D-414B-BD78-676CFD5B86D6}"
EndProject
Project("{FAE04EC0-301F-11D3-BF4B-00C04F79EFBC}") = "FinWise.SharedTest.Fixtures", "Tests\FinWise.SharedTest.Fixtures\FinWise.SharedTest.Fixtures.csproj", "{B5D4C3B2-A1F0-4E9D-8C7B-6A5F4E3D2C1B}"
EndProject
Project("{FAE04EC0-301F-11D3-BF4B-00C04F79EFBC}") = "FinWise.Shared.Tests", "Tests\FinWise.Shared.Tests\FinWise.Shared.Tests.csproj", "{A7377138-4A5B-4FFF-B19A-431888FF1980}"
EndProject
Project("{FAE04EC0-301F-11D3-BF4B-00C04F79EFBC}") = "FinWise.BudgetingAgent.Tests", "Tests\FinWise.BudgetingAgent.Tests\FinWise.BudgetingAgent.Tests.csproj", "{E5CDF9A9-9D7E-4D4E-916E-1727A81C2ABF}"
EndProject
Project("{FAE04EC0-301F-11D3-BF4B-00C04F79EFBC}") = "FinWise.LoanAgent.Tests", "Tests\FinWise.LoanAgent.Tests\FinWise.LoanAgent.Tests.csproj", "{37D9FF60-9548-45C9-9A73-57EEF3AF81D3}"
EndProject
Project("{FAE04EC0-301F-11D3-BF4B-00C04F79EFBC}") = "FinWise.MauiApp.Tests", "Tests\FinWise.MauiApp.Tests\FinWise.MauiApp.Tests.csproj", "{642B91D0-DA69-4B54-937A-10C12C555002}"
EndProject
Project("{FAE04EC0-301F-11D3-BF4B-00C04F79EFBC}") = "FinWise.MauiApp", "Apps\FinWise.MauiApp\FinWise.MauiApp.csproj", "{CA469B83-6D29-F64B-8024-47486CEF71B2}"
EndProject
Global
	GlobalSection(SolutionConfigurationPlatforms) = preSolution
		Debug|Any CPU = Debug|Any CPU
		Release|Any CPU = Release|Any CPU
	EndGlobalSection
	GlobalSection(ProjectConfigurationPlatforms) = postSolution
		{62F209D7-6AC9-4834-9BD2-BF3AB864DB6B}.Debug|Any CPU.ActiveCfg = Debug|Any CPU
		{62F209D7-6AC9-4834-9BD2-BF3AB864DB6B}.Debug|Any CPU.Build.0 = Debug|Any CPU
		{62F209D7-6AC9-4834-9BD2-BF3AB864DB6B}.Release|Any CPU.ActiveCfg = Release|Any CPU
		{62F209D7-6AC9-4834-9BD2-BF3AB864DB6B}.Release|Any CPU.Build.0 = Release|Any CPU
		{30B01633-958E-40F4-9452-B8364130BE77}.Debug|Any CPU.ActiveCfg = Debug|Any CPU
		{30B01633-958E-40F4-9452-B8364130BE77}.Debug|Any CPU.Build.0 = Debug|Any CPU
		{30B01633-958E-40F4-9452-B8364130BE77}.Release|Any CPU.ActiveCfg = Release|Any CPU
		{30B01633-958E-40F4-9452-B8364130BE77}.Release|Any CPU.Build.0 = Release|Any CPU
		{A2C5D4E3-F1B9-4A7C-9D2E-7B3C1F5E8A2D}.Debug|Any CPU.ActiveCfg = Debug|Any CPU
		{A2C5D4E3-F1B9-4A7C-9D2E-7B3C1F5E8A2D}.Debug|Any CPU.Build.0 = Debug|Any CPU
		{A2C5D4E3-F1B9-4A7C-9D2E-7B3C1F5E8A2D}.Release|Any CPU.ActiveCfg = Release|Any CPU
		{A2C5D4E3-F1B9-4A7C-9D2E-7B3C1F5E8A2D}.Release|Any CPU.Build.0 = Release|Any CPU
		{70601D9D-B8F0-40FE-8A32-924D7F2A0ABE}.Debug|Any CPU.ActiveCfg = Debug|Any CPU
		{70601D9D-B8F0-40FE-8A32-924D7F2A0ABE}.Debug|Any CPU.Build.0 = Debug|Any CPU
		{70601D9D-B8F0-40FE-8A32-924D7F2A0ABE}.Release|Any CPU.ActiveCfg = Release|Any CPU
		{70601D9D-B8F0-40FE-8A32-924D7F2A0ABE}.Release|Any CPU.Build.0 = Release|Any CPU
		{70C9E710-B38D-414B-BD78-676CFD5B86D6}.Debug|Any CPU.ActiveCfg = Debug|Any CPU
		{70C9E710-B38D-414B-BD78-676CFD5B86D6}.Debug|Any CPU.Build.0 = Debug|Any CPU
		{70C9E710-B38D-414B-BD78-676CFD5B86D6}.Release|Any CPU.ActiveCfg = Release|Any CPU
		{70C9E710-B38D-414B-BD78-676CFD5B86D6}.Release|Any CPU.Build.0 = Release|Any CPU
		{B5D4C3B2-A1F0-4E9D-8C7B-6A5F4E3D2C1B}.Debug|Any CPU.ActiveCfg = Debug|Any CPU
		{B5D4C3B2-A1F0-4E9D-8C7B-6A5F4E3D2C1B}.Debug|Any CPU.Build.0 = Debug|Any CPU
		{B5D4C3B2-A1F0-4E9D-8C7B-6A5F4E3D2C1B}.Release|Any CPU.ActiveCfg = Release|Any CPU
		{B5D4C3B2-A1F0-4E9D-8C7B-6A5F4E3D2C1B}.Release|Any CPU.Build.0 = Release|Any CPU
		{A7377138-4A5B-4FFF-B19A-431888FF1980}.Debug|Any CPU.ActiveCfg = Debug|Any CPU
		{A7377138-4A5B-4FFF-B19A-431888FF1980}.Debug|Any CPU.Build.0 = Debug|Any CPU
		{A7377138-4A5B-4FFF-B19A-431888FF1980}.Release|Any CPU.ActiveCfg = Release|Any CPU
		{A7377138-4A5B-4FFF-B19A-431888FF1980}.Release|Any CPU.Build.0 = Release|Any CPU
		{E5CDF9A9-9D7E-4D4E-916E-1727A81C2ABF}.Debug|Any CPU.ActiveCfg = Debug|Any CPU
		{E5CDF9A9-9D7E-4D4E-916E-1727A81C2ABF}.Debug|Any CPU.Build.0 = Debug|Any CPU
		{E5CDF9A9-9D7E-4D4E-916E-1727A81C2ABF}.Release|Any CPU.ActiveCfg = Release|Any CPU
		{E5CDF9A9-9D7E-4D4E-916E-1727A81C2ABF}.Release|Any CPU.Build.0 = Release|Any CPU
		{37D9FF60-9548-45C9-9A73-57EEF3AF81D3}.Debug|Any CPU.ActiveCfg = Debug|Any CPU
		{37D9FF60-9548-45C9-9A73-57EEF3AF81D3}.Debug|Any CPU.Build.0 = Debug|Any CPU
		{37D9FF60-9548-45C9-9A73-57EEF3AF81D3}.Release|Any CPU.ActiveCfg = Release|Any CPU
		{37D9FF60-9548-45C9-9A73-57EEF3AF81D3}.Release|Any CPU.Build.0 = Release|Any CPU
		{642B91D0-DA69-4B54-937A-10C12C555002}.Debug|Any CPU.ActiveCfg = Debug|Any CPU
		{642B91D0-DA69-4B54-937A-10C12C555002}.Debug|Any CPU.Build.0 = Debug|Any CPU
		{642B91D0-DA69-4B54-937A-10C12C555002}.Release|Any CPU.ActiveCfg = Release|Any CPU
		{642B91D0-DA69-4B54-937A-10C12C555002}.Release|Any CPU.Build.0 = Release|Any CPU
		{CA469B83-6D29-F64B-8024-47486CEF71B2}.Debug|Any CPU.ActiveCfg = Debug|Any CPU
		{CA469B83-6D29-F64B-8024-47486CEF71B2}.Debug|Any CPU.Build.0 = Debug|Any CPU
		{CA469B83-6D29-F64B-8024-47486CEF71B2}.Debug|Any CPU.Deploy.0 = Debug|Any CPU
		{CA469B83-6D29-F64B-8024-47486CEF71B2}.Release|Any CPU.ActiveCfg = Release|Any CPU
		{CA469B83-6D29-F64B-8024-47486CEF71B2}.Release|Any CPU.Build.0 = Release|Any CPU
	EndGlobalSection
	GlobalSection(SolutionProperties) = preSolution
		HideSolutionNode = FALSE
	EndGlobalSection
	GlobalSection(NestedProjects) = preSolution
		{62F209D7-6AC9-4834-9BD2-BF3AB864DB6B} = {8999CC70-A312-4415-9821-DB45D6EADAEE}
		{30B01633-958E-40F4-9452-B8364130BE77} = {8999CC70-A312-4415-9821-DB45D6EADAEE}
		{A2C5D4E3-F1B9-4A7C-9D2E-7B3C1F5E8A2D} = {2310046D-2960-45A3-AC0A-158302292DDF}
		{70601D9D-B8F0-40FE-8A32-924D7F2A0ABE} = {2310046D-2960-45A3-AC0A-158302292DDF}
		{70C9E710-B38D-414B-BD78-676CFD5B86D6} = {2310046D-2960-45A3-AC0A-158302292DDF}
		{A7377138-4A5B-4FFF-B19A-431888FF1980} = {DD95FF23-51C3-4ABC-8D79-001DDAF8DD06}
		{B5D4C3B2-A1F0-4E9D-8C7B-6A5F4E3D2C1B} = {DD95FF23-51C3-4ABC-8D79-001DDAF8DD06}
		{E5CDF9A9-9D7E-4D4E-916E-1727A81C2ABF} = {DD95FF23-51C3-4ABC-8D79-001DDAF8DD06}
		{37D9FF60-9548-45C9-9A73-57EEF3AF81D3} = {DD95FF23-51C3-4ABC-8D79-001DDAF8DD06}
		{642B91D0-DA69-4B54-937A-10C12C555002} = {DD95FF23-51C3-4ABC-8D79-001DDAF8DD06}
		{CA469B83-6D29-F64B-8024-47486CEF71B2} = {6D0B9D7D-EA07-488A-B518-0ADA12448768}
	EndGlobalSection
	GlobalSection(ExtensibilityGlobals) = postSolution
		SolutionGuid = {ADCF90D8-5F62-42CD-A850-3411A5C2381A}
	EndGlobalSection
EndGlobal
